
Microsoft Visual Studio Solution File, Format Version 12.00
# Visual Studio Version 17
VisualStudioVersion = 17.6.33815.320
MinimumVisualStudioVersion = 10.0.40219.1
Project("{9A19103F-16F7-4668-BE54-9A1E7A4F7556}") = "BigBang", "BigBang\BigBang.csproj", "{882E52A2-8E6D-48B1-A08A-49F4F89F1C92}"
EndProject
Project("{FAE04EC0-301F-11D3-BF4B-00C04F79EFBC}") = "BIgbangTest", "BIgbangTest\BIgbangTest.csproj", "{FD2D93F8-226E-4461-A5EC-7F08FC345605}"
EndProject
Global
	GlobalSection(SolutionConfigurationPlatforms) = preSolution
		Debug|Any CPU = Debug|Any CPU
		Release|Any CPU = Release|Any CPU
	EndGlobalSection
	GlobalSection(ProjectConfigurationPlatforms) = postSolution
		{882E52A2-8E6D-48B1-A08A-49F4F89F1C92}.Debug|Any CPU.ActiveCfg = Debug|Any CPU
		{882E52A2-8E6D-48B1-A08A-49F4F89F1C92}.Debug|Any CPU.Build.0 = Debug|Any CPU
		{882E52A2-8E6D-48B1-A08A-49F4F89F1C92}.Release|Any CPU.ActiveCfg = Release|Any CPU
		{882E52A2-8E6D-48B1-A08A-49F4F89F1C92}.Release|Any CPU.Build.0 = Release|Any CPU
		{FD2D93F8-226E-4461-A5EC-7F08FC345605}.Debug|Any CPU.ActiveCfg = Debug|Any CPU
		{FD2D93F8-226E-4461-A5EC-7F08FC345605}.Debug|Any CPU.Build.0 = Debug|Any CPU
		{FD2D93F8-226E-4461-A5EC-7F08FC345605}.Release|Any CPU.ActiveCfg = Release|Any CPU
		{FD2D93F8-226E-4461-A5EC-7F08FC345605}.Release|Any CPU.Build.0 = Release|Any CPU
	EndGlobalSection
	GlobalSection(SolutionProperties) = preSolution
		HideSolutionNode = FALSE
	EndGlobalSection
	GlobalSection(ExtensibilityGlobals) = postSolution
		SolutionGuid = {5B7CC58E-8A62-44C7-8280-198F589C58F3}
	EndGlobalSection
EndGlobal
